// !$*UTF8*$!
{
	archiveVersion = 1;
	classes = {
	};
	objectVersion = 50;
	objects = {

/* Begin PBXBuildFile section */
		D968311622231C6A00C14BC3 /* actionViewController.swift in Sources */ = {isa = PBXBuildFile; fileRef = D968311522231C6A00C14BC3 /* actionViewController.swift */; };
		D9BC825A2221CDE200838846 /* AppDelegate.swift in Sources */ = {isa = PBXBuildFile; fileRef = D9BC82592221CDE200838846 /* AppDelegate.swift */; };
		D9BC825F2221CDE200838846 /* Main.storyboard in Resources */ = {isa = PBXBuildFile; fileRef = D9BC825D2221CDE200838846 /* Main.storyboard */; };
		D9BC82612221CDE200838846 /* Assets.xcassets in Resources */ = {isa = PBXBuildFile; fileRef = D9BC82602221CDE200838846 /* Assets.xcassets */; };
		D9BC82642221CDE200838846 /* LaunchScreen.storyboard in Resources */ = {isa = PBXBuildFile; fileRef = D9BC82622221CDE200838846 /* LaunchScreen.storyboard */; };
		D9BC826C2221E20500838846 /* graphTableViewController.swift in Sources */ = {isa = PBXBuildFile; fileRef = D9BC826B2221E20500838846 /* graphTableViewController.swift */; };
		D9BC826E2221E30200838846 /* graphTableViewCell.swift in Sources */ = {isa = PBXBuildFile; fileRef = D9BC826D2221E30200838846 /* graphTableViewCell.swift */; };
/* End PBXBuildFile section */

/* Begin PBXFileReference section */
		D968311522231C6A00C14BC3 /* actionViewController.swift */ = {isa = PBXFileReference; lastKnownFileType = sourcecode.swift; path = actionViewController.swift; sourceTree = "<group>"; };
		D9BC82562221CDE200838846 /* trackingWasteUpdated.app */ = {isa = PBXFileReference; explicitFileType = wrapper.application; includeInIndex = 0; path = trackingWasteUpdated.app; sourceTree = BUILT_PRODUCTS_DIR; };
		D9BC82592221CDE200838846 /* AppDelegate.swift */ = {isa = PBXFileReference; lastKnownFileType = sourcecode.swift; path = AppDelegate.swift; sourceTree = "<group>"; };
		D9BC825E2221CDE200838846 /* Base */ = {isa = PBXFileReference; lastKnownFileType = file.storyboard; name = Base; path = Base.lproj/Main.storyboard; sourceTree = "<group>"; };
		D9BC82602221CDE200838846 /* Assets.xcassets */ = {isa = PBXFileReference; lastKnownFileType = folder.assetcatalog; path = Assets.xcassets; sourceTree = "<group>"; };
		D9BC82632221CDE200838846 /* Base */ = {isa = PBXFileReference; lastKnownFileType = file.storyboard; name = Base; path = Base.lproj/LaunchScreen.storyboard; sourceTree = "<group>"; };
		D9BC82652221CDE200838846 /* Info.plist */ = {isa = PBXFileReference; lastKnownFileType = text.plist.xml; path = Info.plist; sourceTree = "<group>"; };
		D9BC826B2221E20500838846 /* graphTableViewController.swift */ = {isa = PBXFileReference; lastKnownFileType = sourcecode.swift; path = graphTableViewController.swift; sourceTree = "<group>"; };
		D9BC826D2221E30200838846 /* graphTableViewCell.swift */ = {isa = PBXFileReference; lastKnownFileType = sourcecode.swift; path = graphTableViewCell.swift; sourceTree = "<group>"; };
/* End PBXFileReference section */

/* Begin PBXFrameworksBuildPhase section */
		D9BC82532221CDE200838846 /* Frameworks */ = {
			isa = PBXFrameworksBuildPhase;
			buildActionMask = 2147483647;
			files = (
			);
			runOnlyForDeploymentPostprocessing = 0;
		};
/* End PBXFrameworksBuildPhase section */

/* Begin PBXGroup section */
		D9BC824D2221CDE200838846 = {
			isa = PBXGroup;
			children = (
				D9BC82582221CDE200838846 /* trackingWasteUpdated */,
				D9BC82572221CDE200838846 /* Products */,
			);
			sourceTree = "<group>";
		};
		D9BC82572221CDE200838846 /* Products */ = {
			isa = PBXGroup;
			children = (
				D9BC82562221CDE200838846 /* trackingWasteUpdated.app */,
			);
			name = Products;
			sourceTree = "<group>";
		};
		D9BC82582221CDE200838846 /* trackingWasteUpdated */ = {
			isa = PBXGroup;
			children = (
				D9BC82592221CDE200838846 /* AppDelegate.swift */,
				D9BC826B2221E20500838846 /* graphTableViewController.swift */,
				D9BC826D2221E30200838846 /* graphTableViewCell.swift */,
				D968311522231C6A00C14BC3 /* actionViewController.swift */,
				D9BC825D2221CDE200838846 /* Main.storyboard */,
				D9BC82602221CDE200838846 /* Assets.xcassets */,
				D9BC82622221CDE200838846 /* LaunchScreen.storyboard */,
				D9BC82652221CDE200838846 /* Info.plist */,
			);
			path = trackingWasteUpdated;
			sourceTree = "<group>";
		};
/* End PBXGroup section */

/* Begin PBXNativeTarget section */
		D9BC82552221CDE200838846 /* trackingWasteUpdated */ = {
			isa = PBXNativeTarget;
			buildConfigurationList = D9BC82682221CDE200838846 /* Build configuration list for PBXNativeTarget "trackingWasteUpdated" */;
			buildPhases = (
				D9BC82522221CDE200838846 /* Sources */,
				D9BC82532221CDE200838846 /* Frameworks */,
				D9BC82542221CDE200838846 /* Resources */,
			);
			buildRules = (
			);
			dependencies = (
			);
			name = trackingWasteUpdated;
			productName = trackingWasteUpdated;
			productReference = D9BC82562221CDE200838846 /* trackingWasteUpdated.app */;
			productType = "com.apple.product-type.application";
		};
/* End PBXNativeTarget section */

/* Begin PBXProject section */
		D9BC824E2221CDE200838846 /* Project object */ = {
			isa = PBXProject;
			attributes = {
				LastSwiftUpdateCheck = 1010;
				LastUpgradeCheck = 1010;
				ORGANIZATIONNAME = evaphilips;
				TargetAttributes = {
					D9BC82552221CDE200838846 = {
						CreatedOnToolsVersion = 10.1;
					};
				};
			};
			buildConfigurationList = D9BC82512221CDE200838846 /* Build configuration list for PBXProject "trackingWasteUpdated" */;
			compatibilityVersion = "Xcode 9.3";
			developmentRegion = en;
			hasScannedForEncodings = 0;
			knownRegions = (
				en,
				Base,
			);
			mainGroup = D9BC824D2221CDE200838846;
			productRefGroup = D9BC82572221CDE200838846 /* Products */;
			projectDirPath = "";
			projectRoot = "";
			targets = (
				D9BC82552221CDE200838846 /* trackingWasteUpdated */,
			);
		};
/* End PBXProject section */

/* Begin PBXResourcesBuildPhase section */
		D9BC82542221CDE200838846 /* Resources */ = {
			isa = PBXResourcesBuildPhase;
			buildActionMask = 2147483647;
			files = (
				D9BC82642221CDE200838846 /* LaunchScreen.storyboard in Resources */,
				D9BC82612221CDE200838846 /* Assets.xcassets in Resources */,
				D9BC825F2221CDE200838846 /* Main.storyboard in Resources */,
			);
			runOnlyForDeploymentPostprocessing = 0;
		};
/* End PBXResourcesBuildPhase section */

/* Begin PBXSourcesBuildPhase section */
		D9BC82522221CDE200838846 /* Sources */ = {
			isa = PBXSourcesBuildPhase;
			buildActionMask = 2147483647;
			files = (
				D9BC826E2221E30200838846 /* graphTableViewCell.swift in Sources */,
				D9BC826C2221E20500838846 /* graphTableViewController.swift in Sources */,
				D968311622231C6A00C14BC3 /* actionViewController.swift in Sources */,
				D9BC825A2221CDE200838846 /* AppDelegate.swift in Sources */,
			);
			runOnlyForDeploymentPostprocessing = 0;
		};
/* End PBXSourcesBuildPhase section */

/* Begin PBXVariantGroup section */
		D9BC825D2221CDE200838846 /* Main.storyboard */ = {
			isa = PBXVariantGroup;
			children = (
				D9BC825E2221CDE200838846 /* Base */,
			);
			name = Main.storyboard;
			sourceTree = "<group>";
		};
		D9BC82622221CDE200838846 /* LaunchScreen.storyboard */ = {
			isa = PBXVariantGroup;
			children = (
				D9BC82632221CDE200838846 /* Base */,
			);
			name = LaunchScreen.storyboard;
			sourceTree = "<group>";
		};
/* End PBXVariantGroup section */

/* Begin XCBuildConfiguration section */
		D9BC82662221CDE200838846 /* Debug */ = {
			isa = XCBuildConfiguration;
			buildSettings = {
				ALWAYS_SEARCH_USER_PATHS = NO;
				CLANG_ANALYZER_NONNULL = YES;
				CLANG_ANALYZER_NUMBER_OBJECT_CONVERSION = YES_AGGRESSIVE;
				CLANG_CXX_LANGUAGE_STANDARD = "gnu++14";
				CLANG_CXX_LIBRARY = "libc++";
				CLANG_ENABLE_MODULES = YES;
				CLANG_ENABLE_OBJC_ARC = YES;
				CLANG_ENABLE_OBJC_WEAK = YES;
				CLANG_WARN_BLOCK_CAPTURE_AUTORELEASING = YES;
				CLANG_WARN_BOOL_CONVERSION = YES;
				CLANG_WARN_COMMA = YES;
				CLANG_WARN_CONSTANT_CONVERSION = YES;
				CLANG_WARN_DEPRECATED_OBJC_IMPLEMENTATIONS = YES;
				CLANG_WARN_DIRECT_OBJC_ISA_USAGE = YES_ERROR;
				CLANG_WARN_DOCUMENTATION_COMMENTS = YES;
				CLANG_WARN_EMPTY_BODY = YES;
				CLANG_WARN_ENUM_CONVERSION = YES;
				CLANG_WARN_INFINITE_RECURSION = YES;
				CLANG_WARN_INT_CONVERSION = YES;
				CLANG_WARN_NON_LITERAL_NULL_CONVERSION = YES;
				CLANG_WARN_OBJC_IMPLICIT_RETAIN_SELF = YES;
				CLANG_WARN_OBJC_LITERAL_CONVERSION = YES;
				CLANG_WARN_OBJC_ROOT_CLASS = YES_ERROR;
				CLANG_WARN_RANGE_LOOP_ANALYSIS = YES;
				CLANG_WARN_STRICT_PROTOTYPES = YES;
				CLANG_WARN_SUSPICIOUS_MOVE = YES;
				CLANG_WARN_UNGUARDED_AVAILABILITY = YES_AGGRESSIVE;
				CLANG_WARN_UNREACHABLE_CODE = YES;
				CLANG_WARN__DUPLICATE_METHOD_MATCH = YES;
				CODE_SIGN_IDENTITY = "iPhone Developer";
				COPY_PHASE_STRIP = NO;
				DEBUG_INFORMATION_FORMAT = dwarf;
				ENABLE_STRICT_OBJC_MSGSEND = YES;
				ENABLE_TESTABILITY = YES;
				GCC_C_LANGUAGE_STANDARD = gnu11;
				GCC_DYNAMIC_NO_PIC = NO;
				GCC_NO_COMMON_BLOCKS = YES;
				GCC_OPTIMIZATION_LEVEL = 0;
				GCC_PREPROCESSOR_DEFINITIONS = (
					"DEBUG=1",
					"$(inherited)",
				);
				GCC_WARN_64_TO_32_BIT_CONVERSION = YES;
				GCC_WARN_ABOUT_RETURN_TYPE = YES_ERROR;
				GCC_WARN_UNDECLARED_SELECTOR = YES;
				GCC_WARN_UNINITIALIZED_AUTOS = YES_AGGRESSIVE;
				GCC_WARN_UNUSED_FUNCTION = YES;
				GCC_WARN_UNUSED_VARIABLE = YES;
				IPHONEOS_DEPLOYMENT_TARGET = 12.1;
				MTL_ENABLE_DEBUG_INFO = INCLUDE_SOURCE;
				MTL_FAST_MATH = YES;
				ONLY_ACTIVE_ARCH = YES;
				SDKROOT = iphoneos;
				SWIFT_ACTIVE_COMPILATION_CONDITIONS = DEBUG;
				SWIFT_OPTIMIZATION_LEVEL = "-Onone";
			};
			name = Debug;
		};
		D9BC82672221CDE200838846 /* Release */ = {
			isa = XCBuildConfiguration;
			buildSettings = {
				ALWAYS_SEARCH_USER_PATHS = NO;
				CLANG_ANALYZER_NONNULL = YES;
				CLANG_ANALYZER_NUMBER_OBJECT_CONVERSION = YES_AGGRESSIVE;
				CLANG_CXX_LANGUAGE_STANDARD = "gnu++14";
				CLANG_CXX_LIBRARY = "libc++";
				CLANG_ENABLE_MODULES = YES;
				CLANG_ENABLE_OBJC_ARC = YES;
				CLANG_ENABLE_OBJC_WEAK = YES;
				CLANG_WARN_BLOCK_CAPTURE_AUTORELEASING = YES;
				CLANG_WARN_BOOL_CONVERSION = YES;
				CLANG_WARN_COMMA = YES;
				CLANG_WARN_CONSTANT_CONVERSION = YES;
				CLANG_WARN_DEPRECATED_OBJC_IMPLEMENTATIONS = YES;
				CLANG_WARN_DIRECT_OBJC_ISA_USAGE = YES_ERROR;
				CLANG_WARN_DOCUMENTATION_COMMENTS = YES;
				CLANG_WARN_EMPTY_BODY = YES;
				CLANG_WARN_ENUM_CONVERSION = YES;
				CLANG_WARN_INFINITE_RECURSION = YES;
				CLANG_WARN_INT_CONVERSION = YES;
				CLANG_WARN_NON_LITERAL_NULL_CONVERSION = YES;
				CLANG_WARN_OBJC_IMPLICIT_RETAIN_SELF = YES;
				CLANG_WARN_OBJC_LITERAL_CONVERSION = YES;
				CLANG_WARN_OBJC_ROOT_CLASS = YES_ERROR;
				CLANG_WARN_RANGE_LOOP_ANALYSIS = YES;
				CLANG_WARN_STRICT_PROTOTYPES = YES;
				CLANG_WARN_SUSPICIOUS_MOVE = YES;
				CLANG_WARN_UNGUARDED_AVAILABILITY = YES_AGGRESSIVE;
				CLANG_WARN_UNREACHABLE_CODE = YES;
				CLANG_WARN__DUPLICATE_METHOD_MATCH = YES;
				CODE_SIGN_IDENTITY = "iPhone Developer";
				COPY_PHASE_STRIP = NO;
				DEBUG_INFORMATION_FORMAT = "dwarf-with-dsym";
				ENABLE_NS_ASSERTIONS = NO;
				ENABLE_STRICT_OBJC_MSGSEND = YES;
				GCC_C_LANGUAGE_STANDARD = gnu11;
				GCC_NO_COMMON_BLOCKS = YES;
				GCC_WARN_64_TO_32_BIT_CONVERSION = YES;
				GCC_WARN_ABOUT_RETURN_TYPE = YES_ERROR;
				GCC_WARN_UNDECLARED_SELECTOR = YES;
				GCC_WARN_UNINITIALIZED_AUTOS = YES_AGGRESSIVE;
				GCC_WARN_UNUSED_FUNCTION = YES;
				GCC_WARN_UNUSED_VARIABLE = YES;
				IPHONEOS_DEPLOYMENT_TARGET = 12.1;
				MTL_ENABLE_DEBUG_INFO = NO;
				MTL_FAST_MATH = YES;
				SDKROOT = iphoneos;
				SWIFT_COMPILATION_MODE = wholemodule;
				SWIFT_OPTIMIZATION_LEVEL = "-O";
				VALIDATE_PRODUCT = YES;
			};
			name = Release;
		};
		D9BC82692221CDE200838846 /* Debug */ = {
			isa = XCBuildConfiguration;
			buildSettings = {
				ASSETCATALOG_COMPILER_APPICON_NAME = AppIcon;
				CODE_SIGN_STYLE = Automatic;
				DEVELOPMENT_TEAM = UR4F8DMRMX;
				INFOPLIST_FILE = trackingWasteUpdated/Info.plist;
				LD_RUNPATH_SEARCH_PATHS = (
					"$(inherited)",
					"@executable_path/Frameworks",
				);
				PRODUCT_BUNDLE_IDENTIFIER = com.mobilelab.trackingWasteUpdated;
				PRODUCT_NAME = "$(TARGET_NAME)";
				SWIFT_VERSION = 4.2;
				TARGETED_DEVICE_FAMILY = "1,2";
			};
			name = Debug;
		};
		D9BC826A2221CDE200838846 /* Release */ = {
			isa = XCBuildConfiguration;
			buildSettings = {
				ASSETCATALOG_COMPILER_APPICON_NAME = AppIcon;
				CODE_SIGN_STYLE = Automatic;
				DEVELOPMENT_TEAM = UR4F8DMRMX;
				INFOPLIST_FILE = trackingWasteUpdated/Info.plist;
				LD_RUNPATH_SEARCH_PATHS = (
					"$(inherited)",
					"@executable_path/Frameworks",
				);
				PRODUCT_BUNDLE_IDENTIFIER = com.mobilelab.trackingWasteUpdated;
				PRODUCT_NAME = "$(TARGET_NAME)";
				SWIFT_VERSION = 4.2;
				TARGETED_DEVICE_FAMILY = "1,2";
			};
			name = Release;
		};
/* End XCBuildConfiguration section */

/* Begin XCConfigurationList section */
		D9BC82512221CDE200838846 /* Build configuration list for PBXProject "trackingWasteUpdated" */ = {
			isa = XCConfigurationList;
			buildConfigurations = (
				D9BC82662221CDE200838846 /* Debug */,
				D9BC82672221CDE200838846 /* Release */,
			);
			defaultConfigurationIsVisible = 0;
			defaultConfigurationName = Release;
		};
		D9BC82682221CDE200838846 /* Build configuration list for PBXNativeTarget "trackingWasteUpdated" */ = {
			isa = XCConfigurationList;
			buildConfigurations = (
				D9BC82692221CDE200838846 /* Debug */,
				D9BC826A2221CDE200838846 /* Release */,
			);
			defaultConfigurationIsVisible = 0;
			defaultConfigurationName = Release;
		};
/* End XCConfigurationList section */
	};
	rootObject = D9BC824E2221CDE200838846 /* Project object */;
}
